// !$*UTF8*$!
{
	archiveVersion = 1;
	classes = {
	};
	objectVersion = 50;
	objects = {

/* Begin PBXBuildFile section */
		05C34C0EEF01D3D8A79E2862 /* Pods_EbookReader.framework in Frameworks */ = {isa = PBXBuildFile; fileRef = 754E3590C97323991C049A12 /* Pods_EbookReader.framework */; };
		0644183D243DB4CE001155F1 /* AppDelegate.swift in Sources */ = {isa = PBXBuildFile; fileRef = 0644183C243DB4CE001155F1 /* AppDelegate.swift */; };
		0644183F243DB4CE001155F1 /* SceneDelegate.swift in Sources */ = {isa = PBXBuildFile; fileRef = 0644183E243DB4CE001155F1 /* SceneDelegate.swift */; };
		06441841243DB4CE001155F1 /* ViewController.swift in Sources */ = {isa = PBXBuildFile; fileRef = 06441840243DB4CE001155F1 /* ViewController.swift */; };
		06441844243DB4CE001155F1 /* Main.storyboard in Resources */ = {isa = PBXBuildFile; fileRef = 06441842243DB4CE001155F1 /* Main.storyboard */; };
		06441846243DB4CF001155F1 /* Assets.xcassets in Resources */ = {isa = PBXBuildFile; fileRef = 06441845243DB4CF001155F1 /* Assets.xcassets */; };
		06441849243DB4CF001155F1 /* LaunchScreen.storyboard in Resources */ = {isa = PBXBuildFile; fileRef = 06441847243DB4CF001155F1 /* LaunchScreen.storyboard */; };
/* End PBXBuildFile section */

/* Begin PBXFileReference section */
		06441839243DB4CE001155F1 /* EbookReader.app */ = {isa = PBXFileReference; explicitFileType = wrapper.application; includeInIndex = 0; path = EbookReader.app; sourceTree = BUILT_PRODUCTS_DIR; };
		0644183C243DB4CE001155F1 /* AppDelegate.swift */ = {isa = PBXFileReference; lastKnownFileType = sourcecode.swift; path = AppDelegate.swift; sourceTree = "<group>"; };
		0644183E243DB4CE001155F1 /* SceneDelegate.swift */ = {isa = PBXFileReference; lastKnownFileType = sourcecode.swift; path = SceneDelegate.swift; sourceTree = "<group>"; };
		06441840243DB4CE001155F1 /* ViewController.swift */ = {isa = PBXFileReference; lastKnownFileType = sourcecode.swift; path = ViewController.swift; sourceTree = "<group>"; };
		06441843243DB4CE001155F1 /* Base */ = {isa = PBXFileReference; lastKnownFileType = file.storyboard; name = Base; path = Base.lproj/Main.storyboard; sourceTree = "<group>"; };
		06441845243DB4CF001155F1 /* Assets.xcassets */ = {isa = PBXFileReference; lastKnownFileType = folder.assetcatalog; path = Assets.xcassets; sourceTree = "<group>"; };
		06441848243DB4CF001155F1 /* Base */ = {isa = PBXFileReference; lastKnownFileType = file.storyboard; name = Base; path = Base.lproj/LaunchScreen.storyboard; sourceTree = "<group>"; };
		0644184A243DB4CF001155F1 /* Info.plist */ = {isa = PBXFileReference; lastKnownFileType = text.plist.xml; path = Info.plist; sourceTree = "<group>"; };
		5DA2577BC62D69D979511624 /* Pods-EbookReader.debug.xcconfig */ = {isa = PBXFileReference; includeInIndex = 1; lastKnownFileType = text.xcconfig; name = "Pods-EbookReader.debug.xcconfig"; path = "Target Support Files/Pods-EbookReader/Pods-EbookReader.debug.xcconfig"; sourceTree = "<group>"; };
		754E3590C97323991C049A12 /* Pods_EbookReader.framework */ = {isa = PBXFileReference; explicitFileType = wrapper.framework; includeInIndex = 0; path = Pods_EbookReader.framework; sourceTree = BUILT_PRODUCTS_DIR; };
		E629B688706379CCC741A749 /* Pods-EbookReader.release.xcconfig */ = {isa = PBXFileReference; includeInIndex = 1; lastKnownFileType = text.xcconfig; name = "Pods-EbookReader.release.xcconfig"; path = "Target Support Files/Pods-EbookReader/Pods-EbookReader.release.xcconfig"; sourceTree = "<group>"; };
/* End PBXFileReference section */

/* Begin PBXFrameworksBuildPhase section */
		06441836243DB4CE001155F1 /* Frameworks */ = {
			isa = PBXFrameworksBuildPhase;
			buildActionMask = 2147483647;
			files = (
				05C34C0EEF01D3D8A79E2862 /* Pods_EbookReader.framework in Frameworks */,
			);
			runOnlyForDeploymentPostprocessing = 0;
		};
/* End PBXFrameworksBuildPhase section */

/* Begin PBXGroup section */
		06441830243DB4CE001155F1 = {
			isa = PBXGroup;
			children = (
				0644183B243DB4CE001155F1 /* EbookReader */,
				0644183A243DB4CE001155F1 /* Products */,
				09BBB173031AE466AA94003D /* Pods */,
				EB16DC8F2A625528E1ABA4F3 /* Frameworks */,
			);
			sourceTree = "<group>";
		};
		0644183A243DB4CE001155F1 /* Products */ = {
			isa = PBXGroup;
			children = (
				06441839243DB4CE001155F1 /* EbookReader.app */,
			);
			name = Products;
			sourceTree = "<group>";
		};
		0644183B243DB4CE001155F1 /* EbookReader */ = {
			isa = PBXGroup;
			children = (
				0644183C243DB4CE001155F1 /* AppDelegate.swift */,
				0644183E243DB4CE001155F1 /* SceneDelegate.swift */,
				06441840243DB4CE001155F1 /* ViewController.swift */,
				06441842243DB4CE001155F1 /* Main.storyboard */,
				06441845243DB4CF001155F1 /* Assets.xcassets */,
				06441847243DB4CF001155F1 /* LaunchScreen.storyboard */,
				0644184A243DB4CF001155F1 /* Info.plist */,
			);
			path = EbookReader;
			sourceTree = "<group>";
		};
		09BBB173031AE466AA94003D /* Pods */ = {
			isa = PBXGroup;
			children = (
				5DA2577BC62D69D979511624 /* Pods-EbookReader.debug.xcconfig */,
				E629B688706379CCC741A749 /* Pods-EbookReader.release.xcconfig */,
			);
			name = Pods;
			path = Pods;
			sourceTree = "<group>";
		};
		EB16DC8F2A625528E1ABA4F3 /* Frameworks */ = {
			isa = PBXGroup;
			children = (
				754E3590C97323991C049A12 /* Pods_EbookReader.framework */,
			);
			name = Frameworks;
			sourceTree = "<group>";
		};
/* End PBXGroup section */

/* Begin PBXNativeTarget section */
		06441838243DB4CE001155F1 /* EbookReader */ = {
			isa = PBXNativeTarget;
			buildConfigurationList = 0644184D243DB4CF001155F1 /* Build configuration list for PBXNativeTarget "EbookReader" */;
			buildPhases = (
				7F169A9BF5130688F56E84EC /* [CP] Check Pods Manifest.lock */,
				06441835243DB4CE001155F1 /* Sources */,
				06441836243DB4CE001155F1 /* Frameworks */,
				06441837243DB4CE001155F1 /* Resources */,
			);
			buildRules = (
			);
			dependencies = (
			);
			name = EbookReader;
			productName = EbookReader;
			productReference = 06441839243DB4CE001155F1 /* EbookReader.app */;
			productType = "com.apple.product-type.application";
		};
/* End PBXNativeTarget section */

/* Begin PBXProject section */
		06441831243DB4CE001155F1 /* Project object */ = {
			isa = PBXProject;
			attributes = {
				LastSwiftUpdateCheck = 1130;
				LastUpgradeCheck = 1130;
				ORGANIZATIONNAME = "Oleg Ten";
				TargetAttributes = {
					06441838243DB4CE001155F1 = {
						CreatedOnToolsVersion = 11.3.1;
					};
				};
			};
			buildConfigurationList = 06441834243DB4CE001155F1 /* Build configuration list for PBXProject "EbookReader" */;
			compatibilityVersion = "Xcode 9.3";
			developmentRegion = en;
			hasScannedForEncodings = 0;
			knownRegions = (
				en,
				Base,
			);
			mainGroup = 06441830243DB4CE001155F1;
			productRefGroup = 0644183A243DB4CE001155F1 /* Products */;
			projectDirPath = "";
			projectRoot = "";
			targets = (
				06441838243DB4CE001155F1 /* EbookReader */,
			);
		};
/* End PBXProject section */

/* Begin PBXResourcesBuildPhase section */
		06441837243DB4CE001155F1 /* Resources */ = {
			isa = PBXResourcesBuildPhase;
			buildActionMask = 2147483647;
			files = (
				06441849243DB4CF001155F1 /* LaunchScreen.storyboard in Resources */,
				06441846243DB4CF001155F1 /* Assets.xcassets in Resources */,
				06441844243DB4CE001155F1 /* Main.storyboard in Resources */,
			);
			runOnlyForDeploymentPostprocessing = 0;
		};
/* End PBXResourcesBuildPhase section */

/* Begin PBXShellScriptBuildPhase section */
		7F169A9BF5130688F56E84EC /* [CP] Check Pods Manifest.lock */ = {
			isa = PBXShellScriptBuildPhase;
			buildActionMask = 2147483647;
			files = (
			);
			inputFileListPaths = (
			);
			inputPaths = (
				"${PODS_PODFILE_DIR_PATH}/Podfile.lock",
				"${PODS_ROOT}/Manifest.lock",
			);
			name = "[CP] Check Pods Manifest.lock";
			outputFileListPaths = (
			);
			outputPaths = (
				"$(DERIVED_FILE_DIR)/Pods-EbookReader-checkManifestLockResult.txt",
			);
			runOnlyForDeploymentPostprocessing = 0;
			shellPath = /bin/sh;
			shellScript = "diff \"${PODS_PODFILE_DIR_PATH}/Podfile.lock\" \"${PODS_ROOT}/Manifest.lock\" > /dev/null\nif [ $? != 0 ] ; then\n    # print error to STDERR\n    echo \"error: The sandbox is not in sync with the Podfile.lock. Run 'pod install' or update your CocoaPods installation.\" >&2\n    exit 1\nfi\n# This output is used by Xcode 'outputs' to avoid re-running this script phase.\necho \"SUCCESS\" > \"${SCRIPT_OUTPUT_FILE_0}\"\n";
			showEnvVarsInLog = 0;
		};
/* End PBXShellScriptBuildPhase section */

/* Begin PBXSourcesBuildPhase section */
		06441835243DB4CE001155F1 /* Sources */ = {
			isa = PBXSourcesBuildPhase;
			buildActionMask = 2147483647;
			files = (
				06441841243DB4CE001155F1 /* ViewController.swift in Sources */,
				0644183D243DB4CE001155F1 /* AppDelegate.swift in Sources */,
				0644183F243DB4CE001155F1 /* SceneDelegate.swift in Sources */,
			);
			runOnlyForDeploymentPostprocessing = 0;
		};
/* End PBXSourcesBuildPhase section */

/* Begin PBXVariantGroup section */
		06441842243DB4CE001155F1 /* Main.storyboard */ = {
			isa = PBXVariantGroup;
			children = (
				06441843243DB4CE001155F1 /* Base */,
			);
			name = Main.storyboard;
			sourceTree = "<group>";
		};
		06441847243DB4CF001155F1 /* LaunchScreen.storyboard */ = {
			isa = PBXVariantGroup;
			children = (
				06441848243DB4CF001155F1 /* Base */,
			);
			name = LaunchScreen.storyboard;
			sourceTree = "<group>";
		};
/* End PBXVariantGroup section */

/* Begin XCBuildConfiguration section */
		0644184B243DB4CF001155F1 /* Debug */ = {
			isa = XCBuildConfiguration;
			buildSettings = {
				ALWAYS_SEARCH_USER_PATHS = NO;
				CLANG_ANALYZER_NONNULL = YES;
				CLANG_ANALYZER_NUMBER_OBJECT_CONVERSION = YES_AGGRESSIVE;
				CLANG_CXX_LANGUAGE_STANDARD = "gnu++14";
				CLANG_CXX_LIBRARY = "libc++";
				CLANG_ENABLE_MODULES = YES;
				CLANG_ENABLE_OBJC_ARC = YES;
				CLANG_ENABLE_OBJC_WEAK = YES;
				CLANG_WARN_BLOCK_CAPTURE_AUTORELEASING = YES;
				CLANG_WARN_BOOL_CONVERSION = YES;
				CLANG_WARN_COMMA = YES;
				CLANG_WARN_CONSTANT_CONVERSION = YES;
				CLANG_WARN_DEPRECATED_OBJC_IMPLEMENTATIONS = YES;
				CLANG_WARN_DIRECT_OBJC_ISA_USAGE = YES_ERROR;
				CLANG_WARN_DOCUMENTATION_COMMENTS = YES;
				CLANG_WARN_EMPTY_BODY = YES;
				CLANG_WARN_ENUM_CONVERSION = YES;
				CLANG_WARN_INFINITE_RECURSION = YES;
				CLANG_WARN_INT_CONVERSION = YES;
				CLANG_WARN_NON_LITERAL_NULL_CONVERSION = YES;
				CLANG_WARN_OBJC_IMPLICIT_RETAIN_SELF = YES;
				CLANG_WARN_OBJC_LITERAL_CONVERSION = YES;
				CLANG_WARN_OBJC_ROOT_CLASS = YES_ERROR;
				CLANG_WARN_RANGE_LOOP_ANALYSIS = YES;
				CLANG_WARN_STRICT_PROTOTYPES = YES;
				CLANG_WARN_SUSPICIOUS_MOVE = YES;
				CLANG_WARN_UNGUARDED_AVAILABILITY = YES_AGGRESSIVE;
				CLANG_WARN_UNREACHABLE_CODE = YES;
				CLANG_WARN__DUPLICATE_METHOD_MATCH = YES;
				COPY_PHASE_STRIP = NO;
				DEBUG_INFORMATION_FORMAT = dwarf;
				ENABLE_STRICT_OBJC_MSGSEND = YES;
				ENABLE_TESTABILITY = YES;
				GCC_C_LANGUAGE_STANDARD = gnu11;
				GCC_DYNAMIC_NO_PIC = NO;
				GCC_NO_COMMON_BLOCKS = YES;
				GCC_OPTIMIZATION_LEVEL = 0;
				GCC_PREPROCESSOR_DEFINITIONS = (
					"DEBUG=1",
					"$(inherited)",
				);
				GCC_WARN_64_TO_32_BIT_CONVERSION = YES;
				GCC_WARN_ABOUT_RETURN_TYPE = YES_ERROR;
				GCC_WARN_UNDECLARED_SELECTOR = YES;
				GCC_WARN_UNINITIALIZED_AUTOS = YES_AGGRESSIVE;
				GCC_WARN_UNUSED_FUNCTION = YES;
				GCC_WARN_UNUSED_VARIABLE = YES;
				IPHONEOS_DEPLOYMENT_TARGET = 13.2;
				MTL_ENABLE_DEBUG_INFO = INCLUDE_SOURCE;
				MTL_FAST_MATH = YES;
				ONLY_ACTIVE_ARCH = YES;
				SDKROOT = iphoneos;
				SWIFT_ACTIVE_COMPILATION_CONDITIONS = DEBUG;
				SWIFT_OPTIMIZATION_LEVEL = "-Onone";
			};
			name = Debug;
		};
		0644184C243DB4CF001155F1 /* Release */ = {
			isa = XCBuildConfiguration;
			buildSettings = {
				ALWAYS_SEARCH_USER_PATHS = NO;
				CLANG_ANALYZER_NONNULL = YES;
				CLANG_ANALYZER_NUMBER_OBJECT_CONVERSION = YES_AGGRESSIVE;
				CLANG_CXX_LANGUAGE_STANDARD = "gnu++14";
				CLANG_CXX_LIBRARY = "libc++";
				CLANG_ENABLE_MODULES = YES;
				CLANG_ENABLE_OBJC_ARC = YES;
				CLANG_ENABLE_OBJC_WEAK = YES;
				CLANG_WARN_BLOCK_CAPTURE_AUTORELEASING = YES;
				CLANG_WARN_BOOL_CONVERSION = YES;
				CLANG_WARN_COMMA = YES;
				CLANG_WARN_CONSTANT_CONVERSION = YES;
				CLANG_WARN_DEPRECATED_OBJC_IMPLEMENTATIONS = YES;
				CLANG_WARN_DIRECT_OBJC_ISA_USAGE = YES_ERROR;
				CLANG_WARN_DOCUMENTATION_COMMENTS = YES;
				CLANG_WARN_EMPTY_BODY = YES;
				CLANG_WARN_ENUM_CONVERSION = YES;
				CLANG_WARN_INFINITE_RECURSION = YES;
				CLANG_WARN_INT_CONVERSION = YES;
				CLANG_WARN_NON_LITERAL_NULL_CONVERSION = YES;
				CLANG_WARN_OBJC_IMPLICIT_RETAIN_SELF = YES;
				CLANG_WARN_OBJC_LITERAL_CONVERSION = YES;
				CLANG_WARN_OBJC_ROOT_CLASS = YES_ERROR;
				CLANG_WARN_RANGE_LOOP_ANALYSIS = YES;
				CLANG_WARN_STRICT_PROTOTYPES = YES;
				CLANG_WARN_SUSPICIOUS_MOVE = YES;
				CLANG_WARN_UNGUARDED_AVAILABILITY = YES_AGGRESSIVE;
				CLANG_WARN_UNREACHABLE_CODE = YES;
				CLANG_WARN__DUPLICATE_METHOD_MATCH = YES;
				COPY_PHASE_STRIP = NO;
				DEBUG_INFORMATION_FORMAT = "dwarf-with-dsym";
				ENABLE_NS_ASSERTIONS = NO;
				ENABLE_STRICT_OBJC_MSGSEND = YES;
				GCC_C_LANGUAGE_STANDARD = gnu11;
				GCC_NO_COMMON_BLOCKS = YES;
				GCC_WARN_64_TO_32_BIT_CONVERSION = YES;
				GCC_WARN_ABOUT_RETURN_TYPE = YES_ERROR;
				GCC_WARN_UNDECLARED_SELECTOR = YES;
				GCC_WARN_UNINITIALIZED_AUTOS = YES_AGGRESSIVE;
				GCC_WARN_UNUSED_FUNCTION = YES;
				GCC_WARN_UNUSED_VARIABLE = YES;
				IPHONEOS_DEPLOYMENT_TARGET = 13.2;
				MTL_ENABLE_DEBUG_INFO = NO;
				MTL_FAST_MATH = YES;
				SDKROOT = iphoneos;
				SWIFT_COMPILATION_MODE = wholemodule;
				SWIFT_OPTIMIZATION_LEVEL = "-O";
				VALIDATE_PRODUCT = YES;
			};
			name = Release;
		};
		0644184E243DB4CF001155F1 /* Debug */ = {
			isa = XCBuildConfiguration;
			baseConfigurationReference = 5DA2577BC62D69D979511624 /* Pods-EbookReader.debug.xcconfig */;
			buildSettings = {
				ASSETCATALOG_COMPILER_APPICON_NAME = AppIcon;
				CODE_SIGN_STYLE = Automatic;
				DEVELOPMENT_TEAM = 4K3HJN7A8X;
				INFOPLIST_FILE = EbookReader/Info.plist;
				LD_RUNPATH_SEARCH_PATHS = (
					"$(inherited)",
					"@executable_path/Frameworks",
				);
				PRODUCT_BUNDLE_IDENTIFIER = tennet.EbookReader;
				PRODUCT_NAME = "$(TARGET_NAME)";
				SWIFT_VERSION = 5.0;
				TARGETED_DEVICE_FAMILY = "1,2";
			};
			name = Debug;
		};
		0644184F243DB4CF001155F1 /* Release */ = {
			isa = XCBuildConfiguration;
			baseConfigurationReference = E629B688706379CCC741A749 /* Pods-EbookReader.release.xcconfig */;
			buildSettings = {
				ASSETCATALOG_COMPILER_APPICON_NAME = AppIcon;
				CODE_SIGN_STYLE = Automatic;
				DEVELOPMENT_TEAM = 4K3HJN7A8X;
				INFOPLIST_FILE = EbookReader/Info.plist;
				LD_RUNPATH_SEARCH_PATHS = (
					"$(inherited)",
					"@executable_path/Frameworks",
				);
				PRODUCT_BUNDLE_IDENTIFIER = tennet.EbookReader;
				PRODUCT_NAME = "$(TARGET_NAME)";
				SWIFT_VERSION = 5.0;
				TARGETED_DEVICE_FAMILY = "1,2";
			};
			name = Release;
		};
/* End XCBuildConfiguration section */

/* Begin XCConfigurationList section */
		06441834243DB4CE001155F1 /* Build configuration list for PBXProject "EbookReader" */ = {
			isa = XCConfigurationList;
			buildConfigurations = (
				0644184B243DB4CF001155F1 /* Debug */,
				0644184C243DB4CF001155F1 /* Release */,
			);
			defaultConfigurationIsVisible = 0;
			defaultConfigurationName = Release;
		};
		0644184D243DB4CF001155F1 /* Build configuration list for PBXNativeTarget "EbookReader" */ = {
			isa = XCConfigurationList;
			buildConfigurations = (
				0644184E243DB4CF001155F1 /* Debug */,
				0644184F243DB4CF001155F1 /* Release */,
			);
			defaultConfigurationIsVisible = 0;
			defaultConfigurationName = Release;
		};
/* End XCConfigurationList section */
	};
	rootObject = 06441831243DB4CE001155F1 /* Project object */;
}
